// !$*UTF8*$!
{
	archiveVersion = 1;
	classes = {
	};
	objectVersion = 46;
	objects = {

/* Begin PBXBuildFile section */
		BFB286571BB1831D009E852E /* AppDelegate.swift in Sources */ = {isa = PBXBuildFile; fileRef = BFB286561BB1831D009E852E /* AppDelegate.swift */; };
		BFB2865E1BB1831D009E852E /* Main.storyboard in Resources */ = {isa = PBXBuildFile; fileRef = BFB2865C1BB1831D009E852E /* Main.storyboard */; };
		BFB286601BB1831D009E852E /* Assets.xcassets in Resources */ = {isa = PBXBuildFile; fileRef = BFB2865F1BB1831D009E852E /* Assets.xcassets */; };
		BFB286631BB1831D009E852E /* LaunchScreen.storyboard in Resources */ = {isa = PBXBuildFile; fileRef = BFB286611BB1831D009E852E /* LaunchScreen.storyboard */; };
		BFB2866E1BB1831D009E852E /* GithubSearchTests.swift in Sources */ = {isa = PBXBuildFile; fileRef = BFB2866D1BB1831D009E852E /* GithubSearchTests.swift */; };
		BFB286791BB1831D009E852E /* GithubSearchUITests.swift in Sources */ = {isa = PBXBuildFile; fileRef = BFB286781BB1831D009E852E /* GithubSearchUITests.swift */; };
		BFB286871BB18394009E852E /* SearchViewController.swift in Sources */ = {isa = PBXBuildFile; fileRef = BFB286861BB18394009E852E /* SearchViewController.swift */; settings = {ASSET_TAGS = (); }; };
		BFB286891BB18521009E852E /* RepositoryCell.swift in Sources */ = {isa = PBXBuildFile; fileRef = BFB286881BB18521009E852E /* RepositoryCell.swift */; settings = {ASSET_TAGS = (); }; };
		BFB2868B1BB18548009E852E /* RepositoryCell.xib in Resources */ = {isa = PBXBuildFile; fileRef = BFB2868A1BB18548009E852E /* RepositoryCell.xib */; settings = {ASSET_TAGS = (); }; };
		BFB2868D1BB185D6009E852E /* RepositoryViewController.swift in Sources */ = {isa = PBXBuildFile; fileRef = BFB2868C1BB185D6009E852E /* RepositoryViewController.swift */; settings = {ASSET_TAGS = (); }; };
		BFB2868F1BB185F3009E852E /* SearchRepositoriesManager.swift in Sources */ = {isa = PBXBuildFile; fileRef = BFB2868E1BB185F3009E852E /* SearchRepositoriesManager.swift */; settings = {ASSET_TAGS = (); }; };
		BFB286911BB1862D009E852E /* Github.swift in Sources */ = {isa = PBXBuildFile; fileRef = BFB286901BB1862D009E852E /* Github.swift */; settings = {ASSET_TAGS = (); }; };
		BFB286931BB18650009E852E /* ApplicationContext.swift in Sources */ = {isa = PBXBuildFile; fileRef = BFB286921BB18650009E852E /* ApplicationContext.swift */; settings = {ASSET_TAGS = (); }; };
		BFB286971BB19301009E852E /* ArrayExtension.swift in Sources */ = {isa = PBXBuildFile; fileRef = BFB286961BB19301009E852E /* ArrayExtension.swift */; settings = {ASSET_TAGS = (); }; };
		CC8F398BD92D1C58A2A39070 /* Pods.framework in Frameworks */ = {isa = PBXBuildFile; fileRef = 86DD39DC462F72F91D1D320B /* Pods.framework */; settings = {ATTRIBUTES = (Weak, ); }; };
/* End PBXBuildFile section */

/* Begin PBXContainerItemProxy section */
		BFB2866A1BB1831D009E852E /* PBXContainerItemProxy */ = {
			isa = PBXContainerItemProxy;
			containerPortal = BFB2864B1BB1831D009E852E /* Project object */;
			proxyType = 1;
			remoteGlobalIDString = BFB286521BB1831D009E852E;
			remoteInfo = GithubSearch;
		};
		BFB286751BB1831D009E852E /* PBXContainerItemProxy */ = {
			isa = PBXContainerItemProxy;
			containerPortal = BFB2864B1BB1831D009E852E /* Project object */;
			proxyType = 1;
			remoteGlobalIDString = BFB286521BB1831D009E852E;
			remoteInfo = GithubSearch;
		};
/* End PBXContainerItemProxy section */

/* Begin PBXFileReference section */
		73DA74F54F8E95A8717C2F52 /* Pods.debug.xcconfig */ = {isa = PBXFileReference; includeInIndex = 1; lastKnownFileType = text.xcconfig; name = Pods.debug.xcconfig; path = "Pods/Target Support Files/Pods/Pods.debug.xcconfig"; sourceTree = "<group>"; };
		86DD39DC462F72F91D1D320B /* Pods.framework */ = {isa = PBXFileReference; explicitFileType = wrapper.framework; includeInIndex = 0; path = Pods.framework; sourceTree = BUILT_PRODUCTS_DIR; };
		BFB286531BB1831D009E852E /* GithubSearch.app */ = {isa = PBXFileReference; explicitFileType = wrapper.application; includeInIndex = 0; path = GithubSearch.app; sourceTree = BUILT_PRODUCTS_DIR; };
		BFB286561BB1831D009E852E /* AppDelegate.swift */ = {isa = PBXFileReference; lastKnownFileType = sourcecode.swift; path = AppDelegate.swift; sourceTree = "<group>"; };
		BFB2865D1BB1831D009E852E /* Base */ = {isa = PBXFileReference; lastKnownFileType = file.storyboard; name = Base; path = Base.lproj/Main.storyboard; sourceTree = "<group>"; };
		BFB2865F1BB1831D009E852E /* Assets.xcassets */ = {isa = PBXFileReference; lastKnownFileType = folder.assetcatalog; path = Assets.xcassets; sourceTree = "<group>"; };
		BFB286621BB1831D009E852E /* Base */ = {isa = PBXFileReference; lastKnownFileType = file.storyboard; name = Base; path = Base.lproj/LaunchScreen.storyboard; sourceTree = "<group>"; };
		BFB286641BB1831D009E852E /* Info.plist */ = {isa = PBXFileReference; lastKnownFileType = text.plist.xml; path = Info.plist; sourceTree = "<group>"; };
		BFB286691BB1831D009E852E /* GithubSearchTests.xctest */ = {isa = PBXFileReference; explicitFileType = wrapper.cfbundle; includeInIndex = 0; path = GithubSearchTests.xctest; sourceTree = BUILT_PRODUCTS_DIR; };
		BFB2866D1BB1831D009E852E /* GithubSearchTests.swift */ = {isa = PBXFileReference; lastKnownFileType = sourcecode.swift; path = GithubSearchTests.swift; sourceTree = "<group>"; };
		BFB2866F1BB1831D009E852E /* Info.plist */ = {isa = PBXFileReference; lastKnownFileType = text.plist.xml; path = Info.plist; sourceTree = "<group>"; };
		BFB286741BB1831D009E852E /* GithubSearchUITests.xctest */ = {isa = PBXFileReference; explicitFileType = wrapper.cfbundle; includeInIndex = 0; path = GithubSearchUITests.xctest; sourceTree = BUILT_PRODUCTS_DIR; };
		BFB286781BB1831D009E852E /* GithubSearchUITests.swift */ = {isa = PBXFileReference; lastKnownFileType = sourcecode.swift; path = GithubSearchUITests.swift; sourceTree = "<group>"; };
		BFB2867A1BB1831D009E852E /* Info.plist */ = {isa = PBXFileReference; lastKnownFileType = text.plist.xml; path = Info.plist; sourceTree = "<group>"; };
		BFB286861BB18394009E852E /* SearchViewController.swift */ = {isa = PBXFileReference; fileEncoding = 4; lastKnownFileType = sourcecode.swift; path = SearchViewController.swift; sourceTree = "<group>"; };
		BFB286881BB18521009E852E /* RepositoryCell.swift */ = {isa = PBXFileReference; fileEncoding = 4; lastKnownFileType = sourcecode.swift; path = RepositoryCell.swift; sourceTree = "<group>"; };
		BFB2868A1BB18548009E852E /* RepositoryCell.xib */ = {isa = PBXFileReference; fileEncoding = 4; lastKnownFileType = file.xib; path = RepositoryCell.xib; sourceTree = "<group>"; };
		BFB2868C1BB185D6009E852E /* RepositoryViewController.swift */ = {isa = PBXFileReference; fileEncoding = 4; lastKnownFileType = sourcecode.swift; path = RepositoryViewController.swift; sourceTree = "<group>"; };
		BFB2868E1BB185F3009E852E /* SearchRepositoriesManager.swift */ = {isa = PBXFileReference; fileEncoding = 4; lastKnownFileType = sourcecode.swift; path = SearchRepositoriesManager.swift; sourceTree = "<group>"; };
		BFB286901BB1862D009E852E /* Github.swift */ = {isa = PBXFileReference; fileEncoding = 4; lastKnownFileType = sourcecode.swift; path = Github.swift; sourceTree = "<group>"; };
		BFB286921BB18650009E852E /* ApplicationContext.swift */ = {isa = PBXFileReference; fileEncoding = 4; lastKnownFileType = sourcecode.swift; path = ApplicationContext.swift; sourceTree = "<group>"; };
		BFB286961BB19301009E852E /* ArrayExtension.swift */ = {isa = PBXFileReference; fileEncoding = 4; lastKnownFileType = sourcecode.swift; path = ArrayExtension.swift; sourceTree = "<group>"; };
		CA502D0DEEC0D7E8FB6EDECD /* Pods.release.xcconfig */ = {isa = PBXFileReference; includeInIndex = 1; lastKnownFileType = text.xcconfig; name = Pods.release.xcconfig; path = "Pods/Target Support Files/Pods/Pods.release.xcconfig"; sourceTree = "<group>"; };
/* End PBXFileReference section */

/* Begin PBXFrameworksBuildPhase section */
		BFB286501BB1831D009E852E /* Frameworks */ = {
			isa = PBXFrameworksBuildPhase;
			buildActionMask = 2147483647;
			files = (
				CC8F398BD92D1C58A2A39070 /* Pods.framework in Frameworks */,
			);
			runOnlyForDeploymentPostprocessing = 0;
		};
		BFB286661BB1831D009E852E /* Frameworks */ = {
			isa = PBXFrameworksBuildPhase;
			buildActionMask = 2147483647;
			files = (
			);
			runOnlyForDeploymentPostprocessing = 0;
		};
		BFB286711BB1831D009E852E /* Frameworks */ = {
			isa = PBXFrameworksBuildPhase;
			buildActionMask = 2147483647;
			files = (
			);
			runOnlyForDeploymentPostprocessing = 0;
		};
/* End PBXFrameworksBuildPhase section */

/* Begin PBXGroup section */
		035D1090E25DFC146F974123 /* Pods */ = {
			isa = PBXGroup;
			children = (
				73DA74F54F8E95A8717C2F52 /* Pods.debug.xcconfig */,
				CA502D0DEEC0D7E8FB6EDECD /* Pods.release.xcconfig */,
			);
			name = Pods;
			sourceTree = "<group>";
		};
		80AF5AF58B688447EC760FB5 /* Frameworks */ = {
			isa = PBXGroup;
			children = (
				86DD39DC462F72F91D1D320B /* Pods.framework */,
			);
			name = Frameworks;
			sourceTree = "<group>";
		};
		BFB2864A1BB1831D009E852E = {
			isa = PBXGroup;
			children = (
				BFB286551BB1831D009E852E /* GithubSearch */,
				BFB2866C1BB1831D009E852E /* GithubSearchTests */,
				BFB286771BB1831D009E852E /* GithubSearchUITests */,
				BFB286541BB1831D009E852E /* Products */,
				035D1090E25DFC146F974123 /* Pods */,
				80AF5AF58B688447EC760FB5 /* Frameworks */,
			);
			sourceTree = "<group>";
		};
		BFB286541BB1831D009E852E /* Products */ = {
			isa = PBXGroup;
			children = (
				BFB286531BB1831D009E852E /* GithubSearch.app */,
				BFB286691BB1831D009E852E /* GithubSearchTests.xctest */,
				BFB286741BB1831D009E852E /* GithubSearchUITests.xctest */,
			);
			name = Products;
			sourceTree = "<group>";
		};
		BFB286551BB1831D009E852E /* GithubSearch */ = {
			isa = PBXGroup;
			children = (
				BFB286951BB192F1009E852E /* Extension */,
				BFB286941BB192D6009E852E /* Cell */,
				BFB286561BB1831D009E852E /* AppDelegate.swift */,
				BFB286921BB18650009E852E /* ApplicationContext.swift */,
				BFB286901BB1862D009E852E /* Github.swift */,
				BFB2868E1BB185F3009E852E /* SearchRepositoriesManager.swift */,
				BFB286861BB18394009E852E /* SearchViewController.swift */,
				BFB2868C1BB185D6009E852E /* RepositoryViewController.swift */,
				BFB2865C1BB1831D009E852E /* Main.storyboard */,
				BFB2865F1BB1831D009E852E /* Assets.xcassets */,
				BFB286611BB1831D009E852E /* LaunchScreen.storyboard */,
				BFB286641BB1831D009E852E /* Info.plist */,
			);
			path = GithubSearch;
			sourceTree = "<group>";
		};
		BFB2866C1BB1831D009E852E /* GithubSearchTests */ = {
			isa = PBXGroup;
			children = (
				BFB2866D1BB1831D009E852E /* GithubSearchTests.swift */,
				BFB2866F1BB1831D009E852E /* Info.plist */,
			);
			path = GithubSearchTests;
			sourceTree = "<group>";
		};
		BFB286771BB1831D009E852E /* GithubSearchUITests */ = {
			isa = PBXGroup;
			children = (
				BFB286781BB1831D009E852E /* GithubSearchUITests.swift */,
				BFB2867A1BB1831D009E852E /* Info.plist */,
			);
			path = GithubSearchUITests;
			sourceTree = "<group>";
		};
		BFB286941BB192D6009E852E /* Cell */ = {
			isa = PBXGroup;
			children = (
				BFB286881BB18521009E852E /* RepositoryCell.swift */,
				BFB2868A1BB18548009E852E /* RepositoryCell.xib */,
			);
			name = Cell;
			sourceTree = "<group>";
		};
		BFB286951BB192F1009E852E /* Extension */ = {
			isa = PBXGroup;
			children = (
				BFB286961BB19301009E852E /* ArrayExtension.swift */,
			);
			name = Extension;
			sourceTree = "<group>";
		};
/* End PBXGroup section */

/* Begin PBXNativeTarget section */
		BFB286521BB1831D009E852E /* GithubSearch */ = {
			isa = PBXNativeTarget;
			buildConfigurationList = BFB2867D1BB1831D009E852E /* Build configuration list for PBXNativeTarget "GithubSearch" */;
			buildPhases = (
				4DBB46B8275822ABBB3B46E6 /* Check Pods Manifest.lock */,
				BFB2864F1BB1831D009E852E /* Sources */,
				BFB286501BB1831D009E852E /* Frameworks */,
				BFB286511BB1831D009E852E /* Resources */,
				8225E24E5FB703A3BEF4A5E0 /* Embed Pods Frameworks */,
				BC36A72E6C57CD8A6C7CC191 /* Copy Pods Resources */,
			);
			buildRules = (
			);
			dependencies = (
			);
			name = GithubSearch;
			productName = GithubSearch;
			productReference = BFB286531BB1831D009E852E /* GithubSearch.app */;
			productType = "com.apple.product-type.application";
		};
		BFB286681BB1831D009E852E /* GithubSearchTests */ = {
			isa = PBXNativeTarget;
			buildConfigurationList = BFB286801BB1831D009E852E /* Build configuration list for PBXNativeTarget "GithubSearchTests" */;
			buildPhases = (
				BFB286651BB1831D009E852E /* Sources */,
				BFB286661BB1831D009E852E /* Frameworks */,
				BFB286671BB1831D009E852E /* Resources */,
			);
			buildRules = (
			);
			dependencies = (
				BFB2866B1BB1831D009E852E /* PBXTargetDependency */,
			);
			name = GithubSearchTests;
			productName = GithubSearchTests;
			productReference = BFB286691BB1831D009E852E /* GithubSearchTests.xctest */;
			productType = "com.apple.product-type.bundle.unit-test";
		};
		BFB286731BB1831D009E852E /* GithubSearchUITests */ = {
			isa = PBXNativeTarget;
			buildConfigurationList = BFB286831BB1831D009E852E /* Build configuration list for PBXNativeTarget "GithubSearchUITests" */;
			buildPhases = (
				BFB286701BB1831D009E852E /* Sources */,
				BFB286711BB1831D009E852E /* Frameworks */,
				BFB286721BB1831D009E852E /* Resources */,
			);
			buildRules = (
			);
			dependencies = (
				BFB286761BB1831D009E852E /* PBXTargetDependency */,
			);
			name = GithubSearchUITests;
			productName = GithubSearchUITests;
			productReference = BFB286741BB1831D009E852E /* GithubSearchUITests.xctest */;
			productType = "com.apple.product-type.bundle.ui-testing";
		};
/* End PBXNativeTarget section */

/* Begin PBXProject section */
		BFB2864B1BB1831D009E852E /* Project object */ = {
			isa = PBXProject;
			attributes = {
				LastUpgradeCheck = 0700;
				ORGANIZATIONNAME = "Hiroki Nagasawa";
				TargetAttributes = {
					BFB286521BB1831D009E852E = {
						CreatedOnToolsVersion = 7.0;
					};
					BFB286681BB1831D009E852E = {
						CreatedOnToolsVersion = 7.0;
						TestTargetID = BFB286521BB1831D009E852E;
					};
					BFB286731BB1831D009E852E = {
						CreatedOnToolsVersion = 7.0;
						TestTargetID = BFB286521BB1831D009E852E;
					};
				};
			};
			buildConfigurationList = BFB2864E1BB1831D009E852E /* Build configuration list for PBXProject "GithubSearch" */;
			compatibilityVersion = "Xcode 3.2";
			developmentRegion = English;
			hasScannedForEncodings = 0;
			knownRegions = (
				en,
				Base,
			);
			mainGroup = BFB2864A1BB1831D009E852E;
			productRefGroup = BFB286541BB1831D009E852E /* Products */;
			projectDirPath = "";
			projectRoot = "";
			targets = (
				BFB286521BB1831D009E852E /* GithubSearch */,
				BFB286681BB1831D009E852E /* GithubSearchTests */,
				BFB286731BB1831D009E852E /* GithubSearchUITests */,
			);
		};
/* End PBXProject section */

/* Begin PBXResourcesBuildPhase section */
		BFB286511BB1831D009E852E /* Resources */ = {
			isa = PBXResourcesBuildPhase;
			buildActionMask = 2147483647;
			files = (
				BFB286631BB1831D009E852E /* LaunchScreen.storyboard in Resources */,
				BFB286601BB1831D009E852E /* Assets.xcassets in Resources */,
				BFB2865E1BB1831D009E852E /* Main.storyboard in Resources */,
				BFB2868B1BB18548009E852E /* RepositoryCell.xib in Resources */,
			);
			runOnlyForDeploymentPostprocessing = 0;
		};
		BFB286671BB1831D009E852E /* Resources */ = {
			isa = PBXResourcesBuildPhase;
			buildActionMask = 2147483647;
			files = (
			);
			runOnlyForDeploymentPostprocessing = 0;
		};
		BFB286721BB1831D009E852E /* Resources */ = {
			isa = PBXResourcesBuildPhase;
			buildActionMask = 2147483647;
			files = (
			);
			runOnlyForDeploymentPostprocessing = 0;
		};
/* End PBXResourcesBuildPhase section */

/* Begin PBXShellScriptBuildPhase section */
		4DBB46B8275822ABBB3B46E6 /* Check Pods Manifest.lock */ = {
			isa = PBXShellScriptBuildPhase;
			buildActionMask = 2147483647;
			files = (
			);
			inputPaths = (
			);
			name = "Check Pods Manifest.lock";
			outputPaths = (
			);
			runOnlyForDeploymentPostprocessing = 0;
			shellPath = /bin/sh;
			shellScript = "diff \"${PODS_ROOT}/../Podfile.lock\" \"${PODS_ROOT}/Manifest.lock\" > /dev/null\nif [[ $? != 0 ]] ; then\n    cat << EOM\nerror: The sandbox is not in sync with the Podfile.lock. Run 'pod install' or update your CocoaPods installation.\nEOM\n    exit 1\nfi\n";
			showEnvVarsInLog = 0;
		};
		8225E24E5FB703A3BEF4A5E0 /* Embed Pods Frameworks */ = {
			isa = PBXShellScriptBuildPhase;
			buildActionMask = 2147483647;
			files = (
			);
			inputPaths = (
			);
			name = "Embed Pods Frameworks";
			outputPaths = (
			);
			runOnlyForDeploymentPostprocessing = 0;
			shellPath = /bin/sh;
			shellScript = "\"${SRCROOT}/Pods/Target Support Files/Pods/Pods-frameworks.sh\"\n";
			showEnvVarsInLog = 0;
		};
		BC36A72E6C57CD8A6C7CC191 /* Copy Pods Resources */ = {
			isa = PBXShellScriptBuildPhase;
			buildActionMask = 2147483647;
			files = (
			);
			inputPaths = (
			);
			name = "Copy Pods Resources";
			outputPaths = (
			);
			runOnlyForDeploymentPostprocessing = 0;
			shellPath = /bin/sh;
			shellScript = "\"${SRCROOT}/Pods/Target Support Files/Pods/Pods-resources.sh\"\n";
			showEnvVarsInLog = 0;
		};
/* End PBXShellScriptBuildPhase section */

/* Begin PBXSourcesBuildPhase section */
		BFB2864F1BB1831D009E852E /* Sources */ = {
			isa = PBXSourcesBuildPhase;
			buildActionMask = 2147483647;
			files = (
				BFB286911BB1862D009E852E /* Github.swift in Sources */,
				BFB2868D1BB185D6009E852E /* RepositoryViewController.swift in Sources */,
				BFB286931BB18650009E852E /* ApplicationContext.swift in Sources */,
				BFB286971BB19301009E852E /* ArrayExtension.swift in Sources */,
				BFB286891BB18521009E852E /* RepositoryCell.swift in Sources */,
				BFB286871BB18394009E852E /* SearchViewController.swift in Sources */,
				BFB2868F1BB185F3009E852E /* SearchRepositoriesManager.swift in Sources */,
				BFB286571BB1831D009E852E /* AppDelegate.swift in Sources */,
			);
			runOnlyForDeploymentPostprocessing = 0;
		};
		BFB286651BB1831D009E852E /* Sources */ = {
			isa = PBXSourcesBuildPhase;
			buildActionMask = 2147483647;
			files = (
				BFB2866E1BB1831D009E852E /* GithubSearchTests.swift in Sources */,
			);
			runOnlyForDeploymentPostprocessing = 0;
		};
		BFB286701BB1831D009E852E /* Sources */ = {
			isa = PBXSourcesBuildPhase;
			buildActionMask = 2147483647;
			files = (
				BFB286791BB1831D009E852E /* GithubSearchUITests.swift in Sources */,
			);
			runOnlyForDeploymentPostprocessing = 0;
		};
/* End PBXSourcesBuildPhase section */

/* Begin PBXTargetDependency section */
		BFB2866B1BB1831D009E852E /* PBXTargetDependency */ = {
			isa = PBXTargetDependency;
			target = BFB286521BB1831D009E852E /* GithubSearch */;
			targetProxy = BFB2866A1BB1831D009E852E /* PBXContainerItemProxy */;
		};
		BFB286761BB1831D009E852E /* PBXTargetDependency */ = {
			isa = PBXTargetDependency;
			target = BFB286521BB1831D009E852E /* GithubSearch */;
			targetProxy = BFB286751BB1831D009E852E /* PBXContainerItemProxy */;
		};
/* End PBXTargetDependency section */

/* Begin PBXVariantGroup section */
		BFB2865C1BB1831D009E852E /* Main.storyboard */ = {
			isa = PBXVariantGroup;
			children = (
				BFB2865D1BB1831D009E852E /* Base */,
			);
			name = Main.storyboard;
			sourceTree = "<group>";
		};
		BFB286611BB1831D009E852E /* LaunchScreen.storyboard */ = {
			isa = PBXVariantGroup;
			children = (
				BFB286621BB1831D009E852E /* Base */,
			);
			name = LaunchScreen.storyboard;
			sourceTree = "<group>";
		};
/* End PBXVariantGroup section */

/* Begin XCBuildConfiguration section */
		BFB2867B1BB1831D009E852E /* Debug */ = {
			isa = XCBuildConfiguration;
			buildSettings = {
				ALWAYS_SEARCH_USER_PATHS = NO;
				CLANG_CXX_LANGUAGE_STANDARD = "gnu++0x";
				CLANG_CXX_LIBRARY = "libc++";
				CLANG_ENABLE_MODULES = YES;
				CLANG_ENABLE_OBJC_ARC = YES;
				CLANG_WARN_BOOL_CONVERSION = YES;
				CLANG_WARN_CONSTANT_CONVERSION = YES;
				CLANG_WARN_DIRECT_OBJC_ISA_USAGE = YES_ERROR;
				CLANG_WARN_EMPTY_BODY = YES;
				CLANG_WARN_ENUM_CONVERSION = YES;
				CLANG_WARN_INT_CONVERSION = YES;
				CLANG_WARN_OBJC_ROOT_CLASS = YES_ERROR;
				CLANG_WARN_UNREACHABLE_CODE = YES;
				CLANG_WARN__DUPLICATE_METHOD_MATCH = YES;
				"CODE_SIGN_IDENTITY[sdk=iphoneos*]" = "iPhone Developer";
				COPY_PHASE_STRIP = NO;
				DEBUG_INFORMATION_FORMAT = dwarf;
				ENABLE_STRICT_OBJC_MSGSEND = YES;
				ENABLE_TESTABILITY = YES;
				GCC_C_LANGUAGE_STANDARD = gnu99;
				GCC_DYNAMIC_NO_PIC = NO;
				GCC_NO_COMMON_BLOCKS = YES;
				GCC_OPTIMIZATION_LEVEL = 0;
				GCC_PREPROCESSOR_DEFINITIONS = (
					"DEBUG=1",
					"$(inherited)",
				);
				GCC_WARN_64_TO_32_BIT_CONVERSION = YES;
				GCC_WARN_ABOUT_RETURN_TYPE = YES_ERROR;
				GCC_WARN_UNDECLARED_SELECTOR = YES;
				GCC_WARN_UNINITIALIZED_AUTOS = YES_AGGRESSIVE;
				GCC_WARN_UNUSED_FUNCTION = YES;
				GCC_WARN_UNUSED_VARIABLE = YES;
				IPHONEOS_DEPLOYMENT_TARGET = 9.0;
				MTL_ENABLE_DEBUG_INFO = YES;
				ONLY_ACTIVE_ARCH = YES;
				SDKROOT = iphoneos;
				SWIFT_OPTIMIZATION_LEVEL = "-Onone";
			};
			name = Debug;
		};
		BFB2867C1BB1831D009E852E /* Release */ = {
			isa = XCBuildConfiguration;
			buildSettings = {
				ALWAYS_SEARCH_USER_PATHS = NO;
				CLANG_CXX_LANGUAGE_STANDARD = "gnu++0x";
				CLANG_CXX_LIBRARY = "libc++";
				CLANG_ENABLE_MODULES = YES;
				CLANG_ENABLE_OBJC_ARC = YES;
				CLANG_WARN_BOOL_CONVERSION = YES;
				CLANG_WARN_CONSTANT_CONVERSION = YES;
				CLANG_WARN_DIRECT_OBJC_ISA_USAGE = YES_ERROR;
				CLANG_WARN_EMPTY_BODY = YES;
				CLANG_WARN_ENUM_CONVERSION = YES;
				CLANG_WARN_INT_CONVERSION = YES;
				CLANG_WARN_OBJC_ROOT_CLASS = YES_ERROR;
				CLANG_WARN_UNREACHABLE_CODE = YES;
				CLANG_WARN__DUPLICATE_METHOD_MATCH = YES;
				"CODE_SIGN_IDENTITY[sdk=iphoneos*]" = "iPhone Developer";
				COPY_PHASE_STRIP = NO;
				DEBUG_INFORMATION_FORMAT = "dwarf-with-dsym";
				ENABLE_NS_ASSERTIONS = NO;
				ENABLE_STRICT_OBJC_MSGSEND = YES;
				GCC_C_LANGUAGE_STANDARD = gnu99;
				GCC_NO_COMMON_BLOCKS = YES;
				GCC_WARN_64_TO_32_BIT_CONVERSION = YES;
				GCC_WARN_ABOUT_RETURN_TYPE = YES_ERROR;
				GCC_WARN_UNDECLARED_SELECTOR = YES;
				GCC_WARN_UNINITIALIZED_AUTOS = YES_AGGRESSIVE;
				GCC_WARN_UNUSED_FUNCTION = YES;
				GCC_WARN_UNUSED_VARIABLE = YES;
				IPHONEOS_DEPLOYMENT_TARGET = 9.0;
				MTL_ENABLE_DEBUG_INFO = NO;
				SDKROOT = iphoneos;
				VALIDATE_PRODUCT = YES;
			};
			name = Release;
		};
		BFB2867E1BB1831D009E852E /* Debug */ = {
			isa = XCBuildConfiguration;
			baseConfigurationReference = 73DA74F54F8E95A8717C2F52 /* Pods.debug.xcconfig */;
			buildSettings = {
				ASSETCATALOG_COMPILER_APPICON_NAME = AppIcon;
				INFOPLIST_FILE = GithubSearch/Info.plist;
				LD_RUNPATH_SEARCH_PATHS = "$(inherited) @executable_path/Frameworks";
				PRODUCT_BUNDLE_IDENTIFIER = com.pixyzehn.GithubSearch;
				PRODUCT_NAME = "$(TARGET_NAME)";
			};
			name = Debug;
		};
		BFB2867F1BB1831D009E852E /* Release */ = {
			isa = XCBuildConfiguration;
			baseConfigurationReference = CA502D0DEEC0D7E8FB6EDECD /* Pods.release.xcconfig */;
			buildSettings = {
				ASSETCATALOG_COMPILER_APPICON_NAME = AppIcon;
				INFOPLIST_FILE = GithubSearch/Info.plist;
				LD_RUNPATH_SEARCH_PATHS = "$(inherited) @executable_path/Frameworks";
				PRODUCT_BUNDLE_IDENTIFIER = com.pixyzehn.GithubSearch;
				PRODUCT_NAME = "$(TARGET_NAME)";
			};
			name = Release;
		};
		BFB286811BB1831D009E852E /* Debug */ = {
			isa = XCBuildConfiguration;
			buildSettings = {
				BUNDLE_LOADER = "$(TEST_HOST)";
				INFOPLIST_FILE = GithubSearchTests/Info.plist;
				LD_RUNPATH_SEARCH_PATHS = "$(inherited) @executable_path/Frameworks @loader_path/Frameworks";
				PRODUCT_BUNDLE_IDENTIFIER = com.pixyzehn.GithubSearchTests;
				PRODUCT_NAME = "$(TARGET_NAME)";
				TEST_HOST = "$(BUILT_PRODUCTS_DIR)/GithubSearch.app/GithubSearch";
			};
			name = Debug;
		};
		BFB286821BB1831D009E852E /* Release */ = {
			isa = XCBuildConfiguration;
			buildSettings = {
				BUNDLE_LOADER = "$(TEST_HOST)";
				INFOPLIST_FILE = GithubSearchTests/Info.plist;
				LD_RUNPATH_SEARCH_PATHS = "$(inherited) @executable_path/Frameworks @loader_path/Frameworks";
				PRODUCT_BUNDLE_IDENTIFIER = com.pixyzehn.GithubSearchTests;
				PRODUCT_NAME = "$(TARGET_NAME)";
				TEST_HOST = "$(BUILT_PRODUCTS_DIR)/GithubSearch.app/GithubSearch";
			};
			name = Release;
		};
		BFB286841BB1831D009E852E /* Debug */ = {
			isa = XCBuildConfiguration;
			buildSettings = {
				INFOPLIST_FILE = GithubSearchUITests/Info.plist;
				LD_RUNPATH_SEARCH_PATHS = "$(inherited) @executable_path/Frameworks @loader_path/Frameworks";
				PRODUCT_BUNDLE_IDENTIFIER = com.pixyzehn.GithubSearchUITests;
				PRODUCT_NAME = "$(TARGET_NAME)";
				TEST_TARGET_NAME = GithubSearch;
				USES_XCTRUNNER = YES;
			};
			name = Debug;
		};
		BFB286851BB1831D009E852E /* Release */ = {
			isa = XCBuildConfiguration;
			buildSettings = {
				INFOPLIST_FILE = GithubSearchUITests/Info.plist;
				LD_RUNPATH_SEARCH_PATHS = "$(inherited) @executable_path/Frameworks @loader_path/Frameworks";
				PRODUCT_BUNDLE_IDENTIFIER = com.pixyzehn.GithubSearchUITests;
				PRODUCT_NAME = "$(TARGET_NAME)";
				TEST_TARGET_NAME = GithubSearch;
				USES_XCTRUNNER = YES;
			};
			name = Release;
		};
/* End XCBuildConfiguration section */

/* Begin XCConfigurationList section */
		BFB2864E1BB1831D009E852E /* Build configuration list for PBXProject "GithubSearch" */ = {
			isa = XCConfigurationList;
			buildConfigurations = (
				BFB2867B1BB1831D009E852E /* Debug */,
				BFB2867C1BB1831D009E852E /* Release */,
			);
			defaultConfigurationIsVisible = 0;
			defaultConfigurationName = Release;
		};
		BFB2867D1BB1831D009E852E /* Build configuration list for PBXNativeTarget "GithubSearch" */ = {
			isa = XCConfigurationList;
			buildConfigurations = (
				BFB2867E1BB1831D009E852E /* Debug */,
				BFB2867F1BB1831D009E852E /* Release */,
			);
			defaultConfigurationIsVisible = 0;
			defaultConfigurationName = Release;
		};
		BFB286801BB1831D009E852E /* Build configuration list for PBXNativeTarget "GithubSearchTests" */ = {
			isa = XCConfigurationList;
			buildConfigurations = (
				BFB286811BB1831D009E852E /* Debug */,
				BFB286821BB1831D009E852E /* Release */,
			);
			defaultConfigurationIsVisible = 0;
			defaultConfigurationName = Release;
		};
		BFB286831BB1831D009E852E /* Build configuration list for PBXNativeTarget "GithubSearchUITests" */ = {
			isa = XCConfigurationList;
			buildConfigurations = (
				BFB286841BB1831D009E852E /* Debug */,
				BFB286851BB1831D009E852E /* Release */,
			);
			defaultConfigurationIsVisible = 0;
			defaultConfigurationName = Release;
		};
/* End XCConfigurationList section */
	};
	rootObject = BFB2864B1BB1831D009E852E /* Project object */;
}
